directories:
    modules: .wippy
    src: .
modules:
    - name: wippy/bootloader
      version: 0.3.11
      hash: be73b8444ff55be1d952a04c88251f9c8c939c4fcd645a558277c1d252aa3875
    - name: wippy/migration
      version: 0.3.14
      hash: b7c28ba246cade1bcedad8b97e22b9da9b6f5b36d859a6cee7f3153f10b14847
    - name: wippy/terminal
      version: 0.4.2
      hash: 34b99aac2eba9c5016fd02c783117fb2b0381ce14696c7b199265458b99a3271
    - name: wippy/test
      version: 0.4.10
      hash: 5bc5ffe1b71889c0610133d8843451e5bf80e93ff43712b9017c2c0955fb023d
