directories:
    modules: .wippy
    src: .
modules:
    - name: userspace/users
      version: 0.1.0
      hash: 73d0418ca6d64f13bd78d094e98240d9ce910653b88abaaafa0c22f1a0f54922
    - name: wippy/bootloader
      version: 0.3.14
      hash: aa5e32807eba6a5ea0e5a224069a006288f58605c4542a444f5469caee862c58
    - name: wippy/migration
      version: 0.3.18
      hash: e00cad6706bb95f556aeab5318a04e55d3884c027b09f6340fc4e7d69c905a17
    - name: wippy/security
      version: 0.4.2
      hash: 9020016afc9de612f5297d38ce99e8500c63a2986077e8b0e560d8636c506627
    - name: wippy/terminal
      version: 0.4.5
      hash: 028180c6044cdd9bbe15330255a4926770e02a291511930264a615f6388824f0
    - name: wippy/test
      version: 0.4.17
      hash: 37a304cc20aa3005004255e9fda16835a94119db520c0c97e1db044c7844a229
replacements:
    - from: userspace/users
      to: ..
