directories:
    modules: .wippy
    src: .
modules:
    - name: userspace/contract
      version: 0.4.1
      hash: c154e2cc11ca94ddd368307aced96cfbbd411a58e74e46339d50b4a9befc1d65
    - name: wippy/bootloader
      version: 0.3.12
      hash: 2b6d8eba7b46ef900024d3a7dbf06bd560fad645b8b2ac6296e2a8bad42f60b9
    - name: wippy/migration
      version: 0.3.16
      hash: 8a8e9e087f40ce6c1d84b579db08855f3f227cedd9cf48272ebc3f7cb7cbd9c9
    - name: wippy/terminal
      version: 0.4.2
      hash: 34b99aac2eba9c5016fd02c783117fb2b0381ce14696c7b199265458b99a3271
    - name: wippy/test
      version: 0.4.12
      hash: 23ccac1d11dbaf13d05ec0400e19189b435b892a4a18e95e69f49a22f1ceb99b
