directories:
    modules: .wippy
    src: .
modules:
    - name: userspace/contract
      version: 0.4.1
      hash: c154e2cc11ca94ddd368307aced96cfbbd411a58e74e46339d50b4a9befc1d65
    - name: userspace/uploads
      version: 0.4.5
      hash: 29880b4909d58837227defd22e828c8e5ca1ad9f671adb5ed366043a2e862499
    - name: wippy/bootloader
      version: 0.3.12
      hash: 2b6d8eba7b46ef900024d3a7dbf06bd560fad645b8b2ac6296e2a8bad42f60b9
    - name: wippy/migration
      version: 0.3.14
      hash: b7c28ba246cade1bcedad8b97e22b9da9b6f5b36d859a6cee7f3153f10b14847
    - name: wippy/terminal
      version: 0.4.2
      hash: 34b99aac2eba9c5016fd02c783117fb2b0381ce14696c7b199265458b99a3271
    - name: wippy/test
      version: 0.4.11
      hash: 235f2f1d222dabeec1a83f6f9f48a7f75abf2143860b833437c1d96da3cd3e95
replacements:
    - from: userspace/uploads
      to: ..
